// !$*UTF8*$!
{
	archiveVersion = 1;
	classes = {
	};
	objectVersion = 46;
	objects = {

/* Begin PBXBuildFile section */
		1EB04D981A7D16340043814C /* Foundation.framework in Frameworks */ = {isa = PBXBuildFile; fileRef = 1EB04D971A7D16340043814C /* Foundation.framework */; };
		1EB04D9A1A7D16340043814C /* CoreGraphics.framework in Frameworks */ = {isa = PBXBuildFile; fileRef = 1EB04D991A7D16340043814C /* CoreGraphics.framework */; };
		1EB04D9C1A7D16340043814C /* UIKit.framework in Frameworks */ = {isa = PBXBuildFile; fileRef = 1EB04D9B1A7D16340043814C /* UIKit.framework */; };
		1EB04DA21A7D16340043814C /* InfoPlist.strings in Resources */ = {isa = PBXBuildFile; fileRef = 1EB04DA01A7D16340043814C /* InfoPlist.strings */; };
		1EB04DA41A7D16340043814C /* main.m in Sources */ = {isa = PBXBuildFile; fileRef = 1EB04DA31A7D16340043814C /* main.m */; };
		1EB04DAB1A7D16340043814C /* Main.storyboard in Resources */ = {isa = PBXBuildFile; fileRef = 1EB04DA91A7D16340043814C /* Main.storyboard */; };
		1EB04DAE1A7D16340043814C /* StaffManagerViewController.m in Sources */ = {isa = PBXBuildFile; fileRef = 1EB04DAD1A7D16340043814C /* StaffManagerViewController.m */; };
		1EB04DB01A7D16340043814C /* Images.xcassets in Resources */ = {isa = PBXBuildFile; fileRef = 1EB04DAF1A7D16340043814C /* Images.xcassets */; };
		1EB04DB71A7D16340043814C /* XCTest.framework in Frameworks */ = {isa = PBXBuildFile; fileRef = 1EB04DB61A7D16340043814C /* XCTest.framework */; };
		1EB04DB81A7D16340043814C /* Foundation.framework in Frameworks */ = {isa = PBXBuildFile; fileRef = 1EB04D971A7D16340043814C /* Foundation.framework */; };
		1EB04DB91A7D16340043814C /* UIKit.framework in Frameworks */ = {isa = PBXBuildFile; fileRef = 1EB04D9B1A7D16340043814C /* UIKit.framework */; };
		1EB04DC11A7D16340043814C /* InfoPlist.strings in Resources */ = {isa = PBXBuildFile; fileRef = 1EB04DBF1A7D16340043814C /* InfoPlist.strings */; };
		1EB04DC31A7D16340043814C /* StaffManagerTests.m in Sources */ = {isa = PBXBuildFile; fileRef = 1EB04DC21A7D16340043814C /* StaffManagerTests.m */; };
		1EB04DCE1A7D88D80043814C /* RolesTVC.m in Sources */ = {isa = PBXBuildFile; fileRef = 1EB04DCD1A7D88D80043814C /* RolesTVC.m */; };
		1EB04DD11A7D88F90043814C /* AddRoleTVC.m in Sources */ = {isa = PBXBuildFile; fileRef = 1EB04DD01A7D88F90043814C /* AddRoleTVC.m */; };
		1EB04E691A7D95B50043814C /* CoreDataTableViewController.m in Sources */ = {isa = PBXBuildFile; fileRef = 1EB04E681A7D95B50043814C /* CoreDataTableViewController.m */; };
		1EB04E6C1A7D96D10043814C /* StaffManagerAppDelegate.m in Sources */ = {isa = PBXBuildFile; fileRef = 1EB04E6B1A7D96D10043814C /* StaffManagerAppDelegate.m */; };
		1EB04E6E1A7D97690043814C /* CoreData.framework in Frameworks */ = {isa = PBXBuildFile; fileRef = 1EB04E6D1A7D97690043814C /* CoreData.framework */; };
		1EE47CD21A7EA7FA006D4731 /* Model.xcdatamodeld in Sources */ = {isa = PBXBuildFile; fileRef = 1EE47CD01A7EA7FA006D4731 /* Model.xcdatamodeld */; };
		1EE47CDA1A7EB310006D4731 /* RoleDetailTVC.m in Sources */ = {isa = PBXBuildFile; fileRef = 1EE47CD91A7EB310006D4731 /* RoleDetailTVC.m */; };
		1EE47CEA1A80099D006D4731 /* PersonTVC.m in Sources */ = {isa = PBXBuildFile; fileRef = 1EE47CE91A80099D006D4731 /* PersonTVC.m */; };
		1EE47CED1A8009B9006D4731 /* AddPersonTVC.m in Sources */ = {isa = PBXBuildFile; fileRef = 1EE47CEC1A8009B9006D4731 /* AddPersonTVC.m */; };
		1EE47CF31A800D19006D4731 /* PersonDetailTVC.m in Sources */ = {isa = PBXBuildFile; fileRef = 1EE47CF21A800D19006D4731 /* PersonDetailTVC.m */; };
		1EE47CF61A801DAD006D4731 /* PersonRoleTVC.m in Sources */ = {isa = PBXBuildFile; fileRef = 1EE47CF51A801DAD006D4731 /* PersonRoleTVC.m */; };
		1EE47D051A802A1E006D4731 /* Role.m in Sources */ = {isa = PBXBuildFile; fileRef = 1EE47D041A802A1E006D4731 /* Role.m */; };
		1EE47D081A802A1E006D4731 /* Person.m in Sources */ = {isa = PBXBuildFile; fileRef = 1EE47D071A802A1E006D4731 /* Person.m */; };
/* End PBXBuildFile section */

/* Begin PBXContainerItemProxy section */
		1EB04DBA1A7D16340043814C /* PBXContainerItemProxy */ = {
			isa = PBXContainerItemProxy;
			containerPortal = 1EB04D8C1A7D16340043814C /* Project object */;
			proxyType = 1;
			remoteGlobalIDString = 1EB04D931A7D16340043814C;
			remoteInfo = StaffManager;
		};
/* End PBXContainerItemProxy section */

/* Begin PBXFileReference section */
		1EB04D941A7D16340043814C /* StaffManager.app */ = {isa = PBXFileReference; explicitFileType = wrapper.application; includeInIndex = 0; path = StaffManager.app; sourceTree = BUILT_PRODUCTS_DIR; };
		1EB04D971A7D16340043814C /* Foundation.framework */ = {isa = PBXFileReference; lastKnownFileType = wrapper.framework; name = Foundation.framework; path = System/Library/Frameworks/Foundation.framework; sourceTree = SDKROOT; };
		1EB04D991A7D16340043814C /* CoreGraphics.framework */ = {isa = PBXFileReference; lastKnownFileType = wrapper.framework; name = CoreGraphics.framework; path = System/Library/Frameworks/CoreGraphics.framework; sourceTree = SDKROOT; };
		1EB04D9B1A7D16340043814C /* UIKit.framework */ = {isa = PBXFileReference; lastKnownFileType = wrapper.framework; name = UIKit.framework; path = System/Library/Frameworks/UIKit.framework; sourceTree = SDKROOT; };
		1EB04D9F1A7D16340043814C /* StaffManager-Info.plist */ = {isa = PBXFileReference; lastKnownFileType = text.plist.xml; path = "StaffManager-Info.plist"; sourceTree = "<group>"; };
		1EB04DA11A7D16340043814C /* en */ = {isa = PBXFileReference; lastKnownFileType = text.plist.strings; name = en; path = en.lproj/InfoPlist.strings; sourceTree = "<group>"; };
		1EB04DA31A7D16340043814C /* main.m */ = {isa = PBXFileReference; lastKnownFileType = sourcecode.c.objc; path = main.m; sourceTree = "<group>"; };
		1EB04DA51A7D16340043814C /* StaffManager-Prefix.pch */ = {isa = PBXFileReference; lastKnownFileType = sourcecode.c.h; path = "StaffManager-Prefix.pch"; sourceTree = "<group>"; };
		1EB04DAA1A7D16340043814C /* Base */ = {isa = PBXFileReference; lastKnownFileType = file.storyboard; name = Base; path = Base.lproj/Main.storyboard; sourceTree = "<group>"; };
		1EB04DAC1A7D16340043814C /* StaffManagerViewController.h */ = {isa = PBXFileReference; lastKnownFileType = sourcecode.c.h; path = StaffManagerViewController.h; sourceTree = "<group>"; };
		1EB04DAD1A7D16340043814C /* StaffManagerViewController.m */ = {isa = PBXFileReference; lastKnownFileType = sourcecode.c.objc; path = StaffManagerViewController.m; sourceTree = "<group>"; };
		1EB04DAF1A7D16340043814C /* Images.xcassets */ = {isa = PBXFileReference; lastKnownFileType = folder.assetcatalog; path = Images.xcassets; sourceTree = "<group>"; };
		1EB04DB51A7D16340043814C /* StaffManagerTests.xctest */ = {isa = PBXFileReference; explicitFileType = wrapper.cfbundle; includeInIndex = 0; path = StaffManagerTests.xctest; sourceTree = BUILT_PRODUCTS_DIR; };
		1EB04DB61A7D16340043814C /* XCTest.framework */ = {isa = PBXFileReference; lastKnownFileType = wrapper.framework; name = XCTest.framework; path = Library/Frameworks/XCTest.framework; sourceTree = DEVELOPER_DIR; };
		1EB04DBE1A7D16340043814C /* StaffManagerTests-Info.plist */ = {isa = PBXFileReference; lastKnownFileType = text.plist.xml; path = "StaffManagerTests-Info.plist"; sourceTree = "<group>"; };
		1EB04DC01A7D16340043814C /* en */ = {isa = PBXFileReference; lastKnownFileType = text.plist.strings; name = en; path = en.lproj/InfoPlist.strings; sourceTree = "<group>"; };
		1EB04DC21A7D16340043814C /* StaffManagerTests.m */ = {isa = PBXFileReference; lastKnownFileType = sourcecode.c.objc; path = StaffManagerTests.m; sourceTree = "<group>"; };
		1EB04DCC1A7D88D80043814C /* RolesTVC.h */ = {isa = PBXFileReference; fileEncoding = 4; lastKnownFileType = sourcecode.c.h; name = RolesTVC.h; path = ViewControllers/RolesTVC.h; sourceTree = "<group>"; };
		1EB04DCD1A7D88D80043814C /* RolesTVC.m */ = {isa = PBXFileReference; fileEncoding = 4; lastKnownFileType = sourcecode.c.objc; name = RolesTVC.m; path = ViewControllers/RolesTVC.m; sourceTree = "<group>"; };
		1EB04DCF1A7D88F90043814C /* AddRoleTVC.h */ = {isa = PBXFileReference; fileEncoding = 4; lastKnownFileType = sourcecode.c.h; name = AddRoleTVC.h; path = ViewControllers/AddRoleTVC.h; sourceTree = "<group>"; };
		1EB04DD01A7D88F90043814C /* AddRoleTVC.m */ = {isa = PBXFileReference; fileEncoding = 4; lastKnownFileType = sourcecode.c.objc; name = AddRoleTVC.m; path = ViewControllers/AddRoleTVC.m; sourceTree = "<group>"; };
		1EB04E671A7D95B50043814C /* CoreDataTableViewController.h */ = {isa = PBXFileReference; fileEncoding = 4; lastKnownFileType = sourcecode.c.h; path = CoreDataTableViewController.h; sourceTree = "<group>"; };
		1EB04E681A7D95B50043814C /* CoreDataTableViewController.m */ = {isa = PBXFileReference; fileEncoding = 4; lastKnownFileType = sourcecode.c.objc; path = CoreDataTableViewController.m; sourceTree = "<group>"; };
		1EB04E6A1A7D96C50043814C /* StaffManagerAppDelegate.h */ = {isa = PBXFileReference; fileEncoding = 4; lastKnownFileType = sourcecode.c.h; path = StaffManagerAppDelegate.h; sourceTree = "<group>"; };
		1EB04E6B1A7D96D10043814C /* StaffManagerAppDelegate.m */ = {isa = PBXFileReference; fileEncoding = 4; lastKnownFileType = sourcecode.c.objc; path = StaffManagerAppDelegate.m; sourceTree = "<group>"; };
		1EB04E6D1A7D97690043814C /* CoreData.framework */ = {isa = PBXFileReference; lastKnownFileType = wrapper.framework; name = CoreData.framework; path = System/Library/Frameworks/CoreData.framework; sourceTree = SDKROOT; };
		1EE47CD11A7EA7FA006D4731 /* Model.xcdatamodel */ = {isa = PBXFileReference; lastKnownFileType = wrapper.xcdatamodel; path = Model.xcdatamodel; sourceTree = "<group>"; };
		1EE47CD81A7EB310006D4731 /* RoleDetailTVC.h */ = {isa = PBXFileReference; fileEncoding = 4; lastKnownFileType = sourcecode.c.h; name = RoleDetailTVC.h; path = ViewControllers/RoleDetailTVC.h; sourceTree = "<group>"; };
		1EE47CD91A7EB310006D4731 /* RoleDetailTVC.m */ = {isa = PBXFileReference; fileEncoding = 4; lastKnownFileType = sourcecode.c.objc; name = RoleDetailTVC.m; path = ViewControllers/RoleDetailTVC.m; sourceTree = "<group>"; };
		1EE47CDB1A80059F006D4731 /* Model 2.xcdatamodel */ = {isa = PBXFileReference; lastKnownFileType = wrapper.xcdatamodel; path = "Model 2.xcdatamodel"; sourceTree = "<group>"; };
		1EE47CE81A80099D006D4731 /* PersonTVC.h */ = {isa = PBXFileReference; fileEncoding = 4; lastKnownFileType = sourcecode.c.h; name = PersonTVC.h; path = ViewControllers/PersonTVC.h; sourceTree = "<group>"; };
		1EE47CE91A80099D006D4731 /* PersonTVC.m */ = {isa = PBXFileReference; fileEncoding = 4; lastKnownFileType = sourcecode.c.objc; name = PersonTVC.m; path = ViewControllers/PersonTVC.m; sourceTree = "<group>"; };
		1EE47CEB1A8009B9006D4731 /* AddPersonTVC.h */ = {isa = PBXFileReference; fileEncoding = 4; lastKnownFileType = sourcecode.c.h; name = AddPersonTVC.h; path = ViewControllers/AddPersonTVC.h; sourceTree = "<group>"; };
		1EE47CEC1A8009B9006D4731 /* AddPersonTVC.m */ = {isa = PBXFileReference; fileEncoding = 4; lastKnownFileType = sourcecode.c.objc; name = AddPersonTVC.m; path = ViewControllers/AddPersonTVC.m; sourceTree = "<group>"; };
		1EE47CF11A800D19006D4731 /* PersonDetailTVC.h */ = {isa = PBXFileReference; fileEncoding = 4; lastKnownFileType = sourcecode.c.h; name = PersonDetailTVC.h; path = ViewControllers/PersonDetailTVC.h; sourceTree = "<group>"; };
		1EE47CF21A800D19006D4731 /* PersonDetailTVC.m */ = {isa = PBXFileReference; fileEncoding = 4; lastKnownFileType = sourcecode.c.objc; name = PersonDetailTVC.m; path = ViewControllers/PersonDetailTVC.m; sourceTree = "<group>"; };
		1EE47CF41A801DAD006D4731 /* PersonRoleTVC.h */ = {isa = PBXFileReference; fileEncoding = 4; lastKnownFileType = sourcecode.c.h; name = PersonRoleTVC.h; path = ViewControllers/PersonRoleTVC.h; sourceTree = "<group>"; };
		1EE47CF51A801DAD006D4731 /* PersonRoleTVC.m */ = {isa = PBXFileReference; fileEncoding = 4; lastKnownFileType = sourcecode.c.objc; name = PersonRoleTVC.m; path = ViewControllers/PersonRoleTVC.m; sourceTree = "<group>"; };
		1EE47D031A802A1E006D4731 /* Role.h */ = {isa = PBXFileReference; fileEncoding = 4; lastKnownFileType = sourcecode.c.h; path = Role.h; sourceTree = "<group>"; };
		1EE47D041A802A1E006D4731 /* Role.m */ = {isa = PBXFileReference; fileEncoding = 4; lastKnownFileType = sourcecode.c.objc; path = Role.m; sourceTree = "<group>"; };
		1EE47D061A802A1E006D4731 /* Person.h */ = {isa = PBXFileReference; fileEncoding = 4; lastKnownFileType = sourcecode.c.h; path = Person.h; sourceTree = "<group>"; };
		1EE47D071A802A1E006D4731 /* Person.m */ = {isa = PBXFileReference; fileEncoding = 4; lastKnownFileType = sourcecode.c.objc; path = Person.m; sourceTree = "<group>"; };
/* End PBXFileReference section */

/* Begin PBXFrameworksBuildPhase section */
		1EB04D911A7D16340043814C /* Frameworks */ = {
			isa = PBXFrameworksBuildPhase;
			buildActionMask = 2147483647;
			files = (
				1EB04E6E1A7D97690043814C /* CoreData.framework in Frameworks */,
				1EB04D9A1A7D16340043814C /* CoreGraphics.framework in Frameworks */,
				1EB04D9C1A7D16340043814C /* UIKit.framework in Frameworks */,
				1EB04D981A7D16340043814C /* Foundation.framework in Frameworks */,
			);
			runOnlyForDeploymentPostprocessing = 0;
		};
		1EB04DB21A7D16340043814C /* Frameworks */ = {
			isa = PBXFrameworksBuildPhase;
			buildActionMask = 2147483647;
			files = (
				1EB04DB71A7D16340043814C /* XCTest.framework in Frameworks */,
				1EB04DB91A7D16340043814C /* UIKit.framework in Frameworks */,
				1EB04DB81A7D16340043814C /* Foundation.framework in Frameworks */,
			);
			runOnlyForDeploymentPostprocessing = 0;
		};
/* End PBXFrameworksBuildPhase section */

/* Begin PBXGroup section */
		1EB04D8B1A7D16340043814C = {
			isa = PBXGroup;
			children = (
				1EB04D9D1A7D16340043814C /* StaffManager */,
				1EB04DBC1A7D16340043814C /* StaffManagerTests */,
				1EB04D961A7D16340043814C /* Frameworks */,
				1EB04D951A7D16340043814C /* Products */,
			);
			sourceTree = "<group>";
		};
		1EB04D951A7D16340043814C /* Products */ = {
			isa = PBXGroup;
			children = (
				1EB04D941A7D16340043814C /* StaffManager.app */,
				1EB04DB51A7D16340043814C /* StaffManagerTests.xctest */,
			);
			name = Products;
			sourceTree = "<group>";
		};
		1EB04D961A7D16340043814C /* Frameworks */ = {
			isa = PBXGroup;
			children = (
				1EB04E6D1A7D97690043814C /* CoreData.framework */,
				1EB04D971A7D16340043814C /* Foundation.framework */,
				1EB04D991A7D16340043814C /* CoreGraphics.framework */,
				1EB04D9B1A7D16340043814C /* UIKit.framework */,
				1EB04DB61A7D16340043814C /* XCTest.framework */,
			);
			name = Frameworks;
			sourceTree = "<group>";
		};
		1EB04D9D1A7D16340043814C /* StaffManager */ = {
			isa = PBXGroup;
			children = (
				1EB04DA91A7D16340043814C /* Main.storyboard */,
				1EE47CD71A7EB263006D4731 /* ViewControllers */,
				1EE47CD61A7EB24B006D4731 /* CoreData */,
				1EB04E661A7D95B50043814C /* CoreDataTableViewController */,
				1EB04DAF1A7D16340043814C /* Images.xcassets */,
				1EB04D9E1A7D16340043814C /* Supporting Files */,
			);
			path = StaffManager;
			sourceTree = "<group>";
		};
		1EB04D9E1A7D16340043814C /* Supporting Files */ = {
			isa = PBXGroup;
			children = (
				1EB04E6A1A7D96C50043814C /* StaffManagerAppDelegate.h */,
				1EB04E6B1A7D96D10043814C /* StaffManagerAppDelegate.m */,
				1EB04D9F1A7D16340043814C /* StaffManager-Info.plist */,
				1EB04DA01A7D16340043814C /* InfoPlist.strings */,
				1EB04DA31A7D16340043814C /* main.m */,
				1EB04DA51A7D16340043814C /* StaffManager-Prefix.pch */,
			);
			name = "Supporting Files";
			sourceTree = "<group>";
		};
		1EB04DBC1A7D16340043814C /* StaffManagerTests */ = {
			isa = PBXGroup;
			children = (
				1EB04DC21A7D16340043814C /* StaffManagerTests.m */,
				1EB04DBD1A7D16340043814C /* Supporting Files */,
			);
			path = StaffManagerTests;
			sourceTree = "<group>";
		};
		1EB04DBD1A7D16340043814C /* Supporting Files */ = {
			isa = PBXGroup;
			children = (
				1EB04DBE1A7D16340043814C /* StaffManagerTests-Info.plist */,
				1EB04DBF1A7D16340043814C /* InfoPlist.strings */,
			);
			name = "Supporting Files";
			sourceTree = "<group>";
		};
		1EB04E661A7D95B50043814C /* CoreDataTableViewController */ = {
			isa = PBXGroup;
			children = (
				1EB04E671A7D95B50043814C /* CoreDataTableViewController.h */,
				1EB04E681A7D95B50043814C /* CoreDataTableViewController.m */,
			);
			path = CoreDataTableViewController;
			sourceTree = "<group>";
		};
		1EE47CD61A7EB24B006D4731 /* CoreData */ = {
			isa = PBXGroup;
			children = (
				1EE47CD01A7EA7FA006D4731 /* Model.xcdatamodeld */,
				1EE47D031A802A1E006D4731 /* Role.h */,
				1EE47D041A802A1E006D4731 /* Role.m */,
				1EE47D061A802A1E006D4731 /* Person.h */,
				1EE47D071A802A1E006D4731 /* Person.m */,
			);
			name = CoreData;
			sourceTree = "<group>";
		};
		1EE47CD71A7EB263006D4731 /* ViewControllers */ = {
			isa = PBXGroup;
			children = (
				1EB04DAC1A7D16340043814C /* StaffManagerViewController.h */,
				1EB04DAD1A7D16340043814C /* StaffManagerViewController.m */,
				1EB04DCC1A7D88D80043814C /* RolesTVC.h */,
				1EB04DCD1A7D88D80043814C /* RolesTVC.m */,
				1EB04DCF1A7D88F90043814C /* AddRoleTVC.h */,
				1EB04DD01A7D88F90043814C /* AddRoleTVC.m */,
				1EE47CD81A7EB310006D4731 /* RoleDetailTVC.h */,
				1EE47CD91A7EB310006D4731 /* RoleDetailTVC.m */,
				1EE47CE81A80099D006D4731 /* PersonTVC.h */,
				1EE47CE91A80099D006D4731 /* PersonTVC.m */,
				1EE47CEB1A8009B9006D4731 /* AddPersonTVC.h */,
				1EE47CEC1A8009B9006D4731 /* AddPersonTVC.m */,
				1EE47CF11A800D19006D4731 /* PersonDetailTVC.h */,
				1EE47CF21A800D19006D4731 /* PersonDetailTVC.m */,
				1EE47CF41A801DAD006D4731 /* PersonRoleTVC.h */,
				1EE47CF51A801DAD006D4731 /* PersonRoleTVC.m */,
			);
			name = ViewControllers;
			sourceTree = "<group>";
		};
/* End PBXGroup section */

/* Begin PBXNativeTarget section */
		1EB04D931A7D16340043814C /* StaffManager */ = {
			isa = PBXNativeTarget;
			buildConfigurationList = 1EB04DC61A7D16340043814C /* Build configuration list for PBXNativeTarget "StaffManager" */;
			buildPhases = (
				1EB04D901A7D16340043814C /* Sources */,
				1EB04D911A7D16340043814C /* Frameworks */,
				1EB04D921A7D16340043814C /* Resources */,
			);
			buildRules = (
			);
			dependencies = (
			);
			name = StaffManager;
			productName = StaffManager;
			productReference = 1EB04D941A7D16340043814C /* StaffManager.app */;
			productType = "com.apple.product-type.application";
		};
		1EB04DB41A7D16340043814C /* StaffManagerTests */ = {
			isa = PBXNativeTarget;
			buildConfigurationList = 1EB04DC91A7D16340043814C /* Build configuration list for PBXNativeTarget "StaffManagerTests" */;
			buildPhases = (
				1EB04DB11A7D16340043814C /* Sources */,
				1EB04DB21A7D16340043814C /* Frameworks */,
				1EB04DB31A7D16340043814C /* Resources */,
			);
			buildRules = (
			);
			dependencies = (
				1EB04DBB1A7D16340043814C /* PBXTargetDependency */,
			);
			name = StaffManagerTests;
			productName = StaffManagerTests;
			productReference = 1EB04DB51A7D16340043814C /* StaffManagerTests.xctest */;
			productType = "com.apple.product-type.bundle.unit-test";
		};
/* End PBXNativeTarget section */

/* Begin PBXProject section */
		1EB04D8C1A7D16340043814C /* Project object */ = {
			isa = PBXProject;
			attributes = {
				CLASSPREFIX = StaffManager;
				LastUpgradeCheck = 0510;
				ORGANIZATIONNAME = "Dejan Kumric";
				TargetAttributes = {
					1EB04DB41A7D16340043814C = {
						TestTargetID = 1EB04D931A7D16340043814C;
					};
				};
			};
			buildConfigurationList = 1EB04D8F1A7D16340043814C /* Build configuration list for PBXProject "StaffManager" */;
			compatibilityVersion = "Xcode 3.2";
			developmentRegion = English;
			hasScannedForEncodings = 0;
			knownRegions = (
				en,
				Base,
			);
			mainGroup = 1EB04D8B1A7D16340043814C;
			productRefGroup = 1EB04D951A7D16340043814C /* Products */;
			projectDirPath = "";
			projectRoot = "";
			targets = (
				1EB04D931A7D16340043814C /* StaffManager */,
				1EB04DB41A7D16340043814C /* StaffManagerTests */,
			);
		};
/* End PBXProject section */

/* Begin PBXResourcesBuildPhase section */
		1EB04D921A7D16340043814C /* Resources */ = {
			isa = PBXResourcesBuildPhase;
			buildActionMask = 2147483647;
			files = (
				1EB04DB01A7D16340043814C /* Images.xcassets in Resources */,
				1EB04DA21A7D16340043814C /* InfoPlist.strings in Resources */,
				1EB04DAB1A7D16340043814C /* Main.storyboard in Resources */,
			);
			runOnlyForDeploymentPostprocessing = 0;
		};
		1EB04DB31A7D16340043814C /* Resources */ = {
			isa = PBXResourcesBuildPhase;
			buildActionMask = 2147483647;
			files = (
				1EB04DC11A7D16340043814C /* InfoPlist.strings in Resources */,
			);
			runOnlyForDeploymentPostprocessing = 0;
		};
/* End PBXResourcesBuildPhase section */

/* Begin PBXSourcesBuildPhase section */
		1EB04D901A7D16340043814C /* Sources */ = {
			isa = PBXSourcesBuildPhase;
			buildActionMask = 2147483647;
			files = (
				1EE47CF61A801DAD006D4731 /* PersonRoleTVC.m in Sources */,
				1EB04DA41A7D16340043814C /* main.m in Sources */,
				1EE47D081A802A1E006D4731 /* Person.m in Sources */,
				1EE47D051A802A1E006D4731 /* Role.m in Sources */,
				1EB04DAE1A7D16340043814C /* StaffManagerViewController.m in Sources */,
				1EE47CED1A8009B9006D4731 /* AddPersonTVC.m in Sources */,
				1EE47CF31A800D19006D4731 /* PersonDetailTVC.m in Sources */,
				1EB04E691A7D95B50043814C /* CoreDataTableViewController.m in Sources */,
				1EE47CEA1A80099D006D4731 /* PersonTVC.m in Sources */,
				1EE47CD21A7EA7FA006D4731 /* Model.xcdatamodeld in Sources */,
				1EB04DCE1A7D88D80043814C /* RolesTVC.m in Sources */,
				1EB04DD11A7D88F90043814C /* AddRoleTVC.m in Sources */,
				1EB04E6C1A7D96D10043814C /* StaffManagerAppDelegate.m in Sources */,
				1EE47CDA1A7EB310006D4731 /* RoleDetailTVC.m in Sources */,
			);
			runOnlyForDeploymentPostprocessing = 0;
		};
		1EB04DB11A7D16340043814C /* Sources */ = {
			isa = PBXSourcesBuildPhase;
			buildActionMask = 2147483647;
			files = (
				1EB04DC31A7D16340043814C /* StaffManagerTests.m in Sources */,
			);
			runOnlyForDeploymentPostprocessing = 0;
		};
/* End PBXSourcesBuildPhase section */

/* Begin PBXTargetDependency section */
		1EB04DBB1A7D16340043814C /* PBXTargetDependency */ = {
			isa = PBXTargetDependency;
			target = 1EB04D931A7D16340043814C /* StaffManager */;
			targetProxy = 1EB04DBA1A7D16340043814C /* PBXContainerItemProxy */;
		};
/* End PBXTargetDependency section */

/* Begin PBXVariantGroup section */
		1EB04DA01A7D16340043814C /* InfoPlist.strings */ = {
			isa = PBXVariantGroup;
			children = (
				1EB04DA11A7D16340043814C /* en */,
			);
			name = InfoPlist.strings;
			sourceTree = "<group>";
		};
		1EB04DA91A7D16340043814C /* Main.storyboard */ = {
			isa = PBXVariantGroup;
			children = (
				1EB04DAA1A7D16340043814C /* Base */,
			);
			name = Main.storyboard;
			sourceTree = "<group>";
		};
		1EB04DBF1A7D16340043814C /* InfoPlist.strings */ = {
			isa = PBXVariantGroup;
			children = (
				1EB04DC01A7D16340043814C /* en */,
			);
			name = InfoPlist.strings;
			sourceTree = "<group>";
		};
/* End PBXVariantGroup section */

/* Begin XCBuildConfiguration section */
		1EB04DC41A7D16340043814C /* Debug */ = {
			isa = XCBuildConfiguration;
			buildSettings = {
				ALWAYS_SEARCH_USER_PATHS = NO;
				CLANG_CXX_LANGUAGE_STANDARD = "gnu++0x";
				CLANG_CXX_LIBRARY = "libc++";
				CLANG_ENABLE_MODULES = YES;
				CLANG_ENABLE_OBJC_ARC = YES;
				CLANG_WARN_BOOL_CONVERSION = YES;
				CLANG_WARN_CONSTANT_CONVERSION = YES;
				CLANG_WARN_DIRECT_OBJC_ISA_USAGE = YES_ERROR;
				CLANG_WARN_EMPTY_BODY = YES;
				CLANG_WARN_ENUM_CONVERSION = YES;
				CLANG_WARN_INT_CONVERSION = YES;
				CLANG_WARN_OBJC_ROOT_CLASS = YES_ERROR;
				CLANG_WARN__DUPLICATE_METHOD_MATCH = YES;
				"CODE_SIGN_IDENTITY[sdk=iphoneos*]" = "iPhone Developer";
				COPY_PHASE_STRIP = NO;
				GCC_C_LANGUAGE_STANDARD = gnu99;
				GCC_DYNAMIC_NO_PIC = NO;
				GCC_OPTIMIZATION_LEVEL = 0;
				GCC_PREPROCESSOR_DEFINITIONS = (
					"DEBUG=1",
					"$(inherited)",
				);
				GCC_SYMBOLS_PRIVATE_EXTERN = NO;
				GCC_WARN_64_TO_32_BIT_CONVERSION = YES;
				GCC_WARN_ABOUT_RETURN_TYPE = YES_ERROR;
				GCC_WARN_UNDECLARED_SELECTOR = YES;
				GCC_WARN_UNINITIALIZED_AUTOS = YES_AGGRESSIVE;
				GCC_WARN_UNUSED_FUNCTION = YES;
				GCC_WARN_UNUSED_VARIABLE = YES;
				IPHONEOS_DEPLOYMENT_TARGET = 7.1;
				ONLY_ACTIVE_ARCH = YES;
				SDKROOT = iphoneos;
			};
			name = Debug;
		};
		1EB04DC51A7D16340043814C /* Release */ = {
			isa = XCBuildConfiguration;
			buildSettings = {
				ALWAYS_SEARCH_USER_PATHS = NO;
				CLANG_CXX_LANGUAGE_STANDARD = "gnu++0x";
				CLANG_CXX_LIBRARY = "libc++";
				CLANG_ENABLE_MODULES = YES;
				CLANG_ENABLE_OBJC_ARC = YES;
				CLANG_WARN_BOOL_CONVERSION = YES;
				CLANG_WARN_CONSTANT_CONVERSION = YES;
				CLANG_WARN_DIRECT_OBJC_ISA_USAGE = YES_ERROR;
				CLANG_WARN_EMPTY_BODY = YES;
				CLANG_WARN_ENUM_CONVERSION = YES;
				CLANG_WARN_INT_CONVERSION = YES;
				CLANG_WARN_OBJC_ROOT_CLASS = YES_ERROR;
				CLANG_WARN__DUPLICATE_METHOD_MATCH = YES;
				"CODE_SIGN_IDENTITY[sdk=iphoneos*]" = "iPhone Developer";
				COPY_PHASE_STRIP = YES;
				ENABLE_NS_ASSERTIONS = NO;
				GCC_C_LANGUAGE_STANDARD = gnu99;
				GCC_WARN_64_TO_32_BIT_CONVERSION = YES;
				GCC_WARN_ABOUT_RETURN_TYPE = YES_ERROR;
				GCC_WARN_UNDECLARED_SELECTOR = YES;
				GCC_WARN_UNINITIALIZED_AUTOS = YES_AGGRESSIVE;
				GCC_WARN_UNUSED_FUNCTION = YES;
				GCC_WARN_UNUSED_VARIABLE = YES;
				IPHONEOS_DEPLOYMENT_TARGET = 7.1;
				SDKROOT = iphoneos;
				VALIDATE_PRODUCT = YES;
			};
			name = Release;
		};
		1EB04DC71A7D16340043814C /* Debug */ = {
			isa = XCBuildConfiguration;
			buildSettings = {
				ASSETCATALOG_COMPILER_APPICON_NAME = AppIcon;
				ASSETCATALOG_COMPILER_LAUNCHIMAGE_NAME = LaunchImage;
				GCC_PRECOMPILE_PREFIX_HEADER = YES;
				GCC_PREFIX_HEADER = "StaffManager/StaffManager-Prefix.pch";
				INFOPLIST_FILE = "StaffManager/StaffManager-Info.plist";
				PRODUCT_NAME = "$(TARGET_NAME)";
				WRAPPER_EXTENSION = app;
			};
			name = Debug;
		};
		1EB04DC81A7D16340043814C /* Release */ = {
			isa = XCBuildConfiguration;
			buildSettings = {
				ASSETCATALOG_COMPILER_APPICON_NAME = AppIcon;
				ASSETCATALOG_COMPILER_LAUNCHIMAGE_NAME = LaunchImage;
				GCC_PRECOMPILE_PREFIX_HEADER = YES;
				GCC_PREFIX_HEADER = "StaffManager/StaffManager-Prefix.pch";
				INFOPLIST_FILE = "StaffManager/StaffManager-Info.plist";
				PRODUCT_NAME = "$(TARGET_NAME)";
				WRAPPER_EXTENSION = app;
			};
			name = Release;
		};
		1EB04DCA1A7D16340043814C /* Debug */ = {
			isa = XCBuildConfiguration;
			buildSettings = {
				BUNDLE_LOADER = "$(BUILT_PRODUCTS_DIR)/StaffManager.app/StaffManager";
				FRAMEWORK_SEARCH_PATHS = (
					"$(SDKROOT)/Developer/Library/Frameworks",
					"$(inherited)",
					"$(DEVELOPER_FRAMEWORKS_DIR)",
				);
				GCC_PRECOMPILE_PREFIX_HEADER = YES;
				GCC_PREFIX_HEADER = "StaffManager/StaffManager-Prefix.pch";
				GCC_PREPROCESSOR_DEFINITIONS = (
					"DEBUG=1",
					"$(inherited)",
				);
				INFOPLIST_FILE = "StaffManagerTests/StaffManagerTests-Info.plist";
				PRODUCT_NAME = "$(TARGET_NAME)";
				TEST_HOST = "$(BUNDLE_LOADER)";
				WRAPPER_EXTENSION = xctest;
			};
			name = Debug;
		};
		1EB04DCB1A7D16340043814C /* Release */ = {
			isa = XCBuildConfiguration;
			buildSettings = {
				BUNDLE_LOADER = "$(BUILT_PRODUCTS_DIR)/StaffManager.app/StaffManager";
				FRAMEWORK_SEARCH_PATHS = (
					"$(SDKROOT)/Developer/Library/Frameworks",
					"$(inherited)",
					"$(DEVELOPER_FRAMEWORKS_DIR)",
				);
				GCC_PRECOMPILE_PREFIX_HEADER = YES;
				GCC_PREFIX_HEADER = "StaffManager/StaffManager-Prefix.pch";
				INFOPLIST_FILE = "StaffManagerTests/StaffManagerTests-Info.plist";
				PRODUCT_NAME = "$(TARGET_NAME)";
				TEST_HOST = "$(BUNDLE_LOADER)";
				WRAPPER_EXTENSION = xctest;
			};
			name = Release;
		};
/* End XCBuildConfiguration section */

/* Begin XCConfigurationList section */
		1EB04D8F1A7D16340043814C /* Build configuration list for PBXProject "StaffManager" */ = {
			isa = XCConfigurationList;
			buildConfigurations = (
				1EB04DC41A7D16340043814C /* Debug */,
				1EB04DC51A7D16340043814C /* Release */,
			);
			defaultConfigurationIsVisible = 0;
			defaultConfigurationName = Release;
		};
		1EB04DC61A7D16340043814C /* Build configuration list for PBXNativeTarget "StaffManager" */ = {
			isa = XCConfigurationList;
			buildConfigurations = (
				1EB04DC71A7D16340043814C /* Debug */,
				1EB04DC81A7D16340043814C /* Release */,
			);
			defaultConfigurationIsVisible = 0;
			defaultConfigurationName = Release;
		};
		1EB04DC91A7D16340043814C /* Build configuration list for PBXNativeTarget "StaffManagerTests" */ = {
			isa = XCConfigurationList;
			buildConfigurations = (
				1EB04DCA1A7D16340043814C /* Debug */,
				1EB04DCB1A7D16340043814C /* Release */,
			);
			defaultConfigurationIsVisible = 0;
			defaultConfigurationName = Release;
		};
/* End XCConfigurationList section */

/* Begin XCVersionGroup section */
		1EE47CD01A7EA7FA006D4731 /* Model.xcdatamodeld */ = {
			isa = XCVersionGroup;
			children = (
				1EE47CDB1A80059F006D4731 /* Model 2.xcdatamodel */,
				1EE47CD11A7EA7FA006D4731 /* Model.xcdatamodel */,
			);
			currentVersion = 1EE47CDB1A80059F006D4731 /* Model 2.xcdatamodel */;
			name = Model.xcdatamodeld;
			path = ../Model.xcdatamodeld;
			sourceTree = "<group>";
			versionGroupType = wrapper.xcdatamodel;
		};
/* End XCVersionGroup section */
	};
	rootObject = 1EB04D8C1A7D16340043814C /* Project object */;
}
